
Microsoft Visual Studio Solution File, Format Version 12.00
# Visual Studio Version 17
VisualStudioVersion = 17.13.35931.197 d17.13
MinimumVisualStudioVersion = 10.0.40219.1
Project("{FAE04EC0-301F-11D3-BF4B-00C04F79EFBC}") = "Proyecto1", "Proyecto1.csproj", "{BFF5B1DC-9266-4C5E-B513-48E9ECAA9C0B}"
EndProject
Global
	GlobalSection(SolutionConfigurationPlatforms) = preSolution
		Debug|Any CPU = Debug|Any CPU
		Release|Any CPU = Release|Any CPU
	EndGlobalSection
	GlobalSection(ProjectConfigurationPlatforms) = postSolution
		{BFF5B1DC-9266-4C5E-B513-48E9ECAA9C0B}.Debug|Any CPU.ActiveCfg = Debug|Any CPU
		{BFF5B1DC-9266-4C5E-B513-48E9ECAA9C0B}.Debug|Any CPU.Build.0 = Debug|Any CPU
		{BFF5B1DC-9266-4C5E-B513-48E9ECAA9C0B}.Release|Any CPU.ActiveCfg = Release|Any CPU
		{BFF5B1DC-9266-4C5E-B513-48E9ECAA9C0B}.Release|Any CPU.Build.0 = Release|Any CPU
	EndGlobalSection
	GlobalSection(SolutionProperties) = preSolution
		HideSolutionNode = FALSE
	EndGlobalSection
	GlobalSection(ExtensibilityGlobals) = postSolution
		SolutionGuid = {E7DABA08-9116-4D24-A80E-379F97598EC1}
	EndGlobalSection
EndGlobal
